// !$*UTF8*$!
{
	archiveVersion = 1;
	classes = {
	};
	objectVersion = 46;
	objects = {

/* Begin PBXBuildFile section */
		2B0069E51ED6847B00E11933 /* main.m in Sources */ = {isa = PBXBuildFile; fileRef = 2B0069E41ED6847B00E11933 /* main.m */; };
		2B0069E81ED6847B00E11933 /* AppDelegate.m in Sources */ = {isa = PBXBuildFile; fileRef = 2B0069E71ED6847B00E11933 /* AppDelegate.m */; };
		2B0069EB1ED6847B00E11933 /* ViewController.m in Sources */ = {isa = PBXBuildFile; fileRef = 2B0069EA1ED6847B00E11933 /* ViewController.m */; };
		2B0069EE1ED6847B00E11933 /* Main.storyboard in Resources */ = {isa = PBXBuildFile; fileRef = 2B0069EC1ED6847B00E11933 /* Main.storyboard */; };
		2B0069F11ED6847B00E11933 /* SerializationAndDeserialization.xcdatamodeld in Sources */ = {isa = PBXBuildFile; fileRef = 2B0069EF1ED6847B00E11933 /* SerializationAndDeserialization.xcdatamodeld */; };
		2B0069F31ED6847B00E11933 /* Assets.xcassets in Resources */ = {isa = PBXBuildFile; fileRef = 2B0069F21ED6847B00E11933 /* Assets.xcassets */; };
		2B0069F61ED6847B00E11933 /* LaunchScreen.storyboard in Resources */ = {isa = PBXBuildFile; fileRef = 2B0069F41ED6847B00E11933 /* LaunchScreen.storyboard */; };
		2B006A011ED6847B00E11933 /* SerializationAndDeserializationTests.m in Sources */ = {isa = PBXBuildFile; fileRef = 2B006A001ED6847B00E11933 /* SerializationAndDeserializationTests.m */; };
		2B006A0C1ED6847B00E11933 /* SerializationAndDeserializationUITests.m in Sources */ = {isa = PBXBuildFile; fileRef = 2B006A0B1ED6847B00E11933 /* SerializationAndDeserializationUITests.m */; };
		2B006A1B1ED6857900E11933 /* Person.m in Sources */ = {isa = PBXBuildFile; fileRef = 2B006A1A1ED6857900E11933 /* Person.m */; };
/* End PBXBuildFile section */

/* Begin PBXContainerItemProxy section */
		2B0069FD1ED6847B00E11933 /* PBXContainerItemProxy */ = {
			isa = PBXContainerItemProxy;
			containerPortal = 2B0069D81ED6847B00E11933 /* Project object */;
			proxyType = 1;
			remoteGlobalIDString = 2B0069DF1ED6847B00E11933;
			remoteInfo = SerializationAndDeserialization;
		};
		2B006A081ED6847B00E11933 /* PBXContainerItemProxy */ = {
			isa = PBXContainerItemProxy;
			containerPortal = 2B0069D81ED6847B00E11933 /* Project object */;
			proxyType = 1;
			remoteGlobalIDString = 2B0069DF1ED6847B00E11933;
			remoteInfo = SerializationAndDeserialization;
		};
/* End PBXContainerItemProxy section */

/* Begin PBXFileReference section */
		2B0069E01ED6847B00E11933 /* SerializationAndDeserialization.app */ = {isa = PBXFileReference; explicitFileType = wrapper.application; includeInIndex = 0; path = SerializationAndDeserialization.app; sourceTree = BUILT_PRODUCTS_DIR; };
		2B0069E41ED6847B00E11933 /* main.m */ = {isa = PBXFileReference; lastKnownFileType = sourcecode.c.objc; path = main.m; sourceTree = "<group>"; };
		2B0069E61ED6847B00E11933 /* AppDelegate.h */ = {isa = PBXFileReference; lastKnownFileType = sourcecode.c.h; path = AppDelegate.h; sourceTree = "<group>"; };
		2B0069E71ED6847B00E11933 /* AppDelegate.m */ = {isa = PBXFileReference; lastKnownFileType = sourcecode.c.objc; path = AppDelegate.m; sourceTree = "<group>"; };
		2B0069E91ED6847B00E11933 /* ViewController.h */ = {isa = PBXFileReference; lastKnownFileType = sourcecode.c.h; path = ViewController.h; sourceTree = "<group>"; };
		2B0069EA1ED6847B00E11933 /* ViewController.m */ = {isa = PBXFileReference; lastKnownFileType = sourcecode.c.objc; path = ViewController.m; sourceTree = "<group>"; };
		2B0069ED1ED6847B00E11933 /* Base */ = {isa = PBXFileReference; lastKnownFileType = file.storyboard; name = Base; path = Base.lproj/Main.storyboard; sourceTree = "<group>"; };
		2B0069F01ED6847B00E11933 /* SerializationAndDeserialization.xcdatamodel */ = {isa = PBXFileReference; lastKnownFileType = wrapper.xcdatamodel; path = SerializationAndDeserialization.xcdatamodel; sourceTree = "<group>"; };
		2B0069F21ED6847B00E11933 /* Assets.xcassets */ = {isa = PBXFileReference; lastKnownFileType = folder.assetcatalog; path = Assets.xcassets; sourceTree = "<group>"; };
		2B0069F51ED6847B00E11933 /* Base */ = {isa = PBXFileReference; lastKnownFileType = file.storyboard; name = Base; path = Base.lproj/LaunchScreen.storyboard; sourceTree = "<group>"; };
		2B0069F71ED6847B00E11933 /* Info.plist */ = {isa = PBXFileReference; lastKnownFileType = text.plist.xml; path = Info.plist; sourceTree = "<group>"; };
		2B0069FC1ED6847B00E11933 /* SerializationAndDeserializationTests.xctest */ = {isa = PBXFileReference; explicitFileType = wrapper.cfbundle; includeInIndex = 0; path = SerializationAndDeserializationTests.xctest; sourceTree = BUILT_PRODUCTS_DIR; };
		2B006A001ED6847B00E11933 /* SerializationAndDeserializationTests.m */ = {isa = PBXFileReference; lastKnownFileType = sourcecode.c.objc; path = SerializationAndDeserializationTests.m; sourceTree = "<group>"; };
		2B006A021ED6847B00E11933 /* Info.plist */ = {isa = PBXFileReference; lastKnownFileType = text.plist.xml; path = Info.plist; sourceTree = "<group>"; };
		2B006A071ED6847B00E11933 /* SerializationAndDeserializationUITests.xctest */ = {isa = PBXFileReference; explicitFileType = wrapper.cfbundle; includeInIndex = 0; path = SerializationAndDeserializationUITests.xctest; sourceTree = BUILT_PRODUCTS_DIR; };
		2B006A0B1ED6847B00E11933 /* SerializationAndDeserializationUITests.m */ = {isa = PBXFileReference; lastKnownFileType = sourcecode.c.objc; path = SerializationAndDeserializationUITests.m; sourceTree = "<group>"; };
		2B006A0D1ED6847B00E11933 /* Info.plist */ = {isa = PBXFileReference; lastKnownFileType = text.plist.xml; path = Info.plist; sourceTree = "<group>"; };
		2B006A191ED6857900E11933 /* Person.h */ = {isa = PBXFileReference; fileEncoding = 4; lastKnownFileType = sourcecode.c.h; path = Person.h; sourceTree = "<group>"; };
		2B006A1A1ED6857900E11933 /* Person.m */ = {isa = PBXFileReference; fileEncoding = 4; lastKnownFileType = sourcecode.c.objc; path = Person.m; sourceTree = "<group>"; };
/* End PBXFileReference section */

/* Begin PBXFrameworksBuildPhase section */
		2B0069DD1ED6847B00E11933 /* Frameworks */ = {
			isa = PBXFrameworksBuildPhase;
			buildActionMask = 2147483647;
			files = (
			);
			runOnlyForDeploymentPostprocessing = 0;
		};
		2B0069F91ED6847B00E11933 /* Frameworks */ = {
			isa = PBXFrameworksBuildPhase;
			buildActionMask = 2147483647;
			files = (
			);
			runOnlyForDeploymentPostprocessing = 0;
		};
		2B006A041ED6847B00E11933 /* Frameworks */ = {
			isa = PBXFrameworksBuildPhase;
			buildActionMask = 2147483647;
			files = (
			);
			runOnlyForDeploymentPostprocessing = 0;
		};
/* End PBXFrameworksBuildPhase section */

/* Begin PBXGroup section */
		2B0069D71ED6847B00E11933 = {
			isa = PBXGroup;
			children = (
				2B0069E21ED6847B00E11933 /* SerializationAndDeserialization */,
				2B0069FF1ED6847B00E11933 /* SerializationAndDeserializationTests */,
				2B006A0A1ED6847B00E11933 /* SerializationAndDeserializationUITests */,
				2B0069E11ED6847B00E11933 /* Products */,
			);
			sourceTree = "<group>";
		};
		2B0069E11ED6847B00E11933 /* Products */ = {
			isa = PBXGroup;
			children = (
				2B0069E01ED6847B00E11933 /* SerializationAndDeserialization.app */,
				2B0069FC1ED6847B00E11933 /* SerializationAndDeserializationTests.xctest */,
				2B006A071ED6847B00E11933 /* SerializationAndDeserializationUITests.xctest */,
			);
			name = Products;
			sourceTree = "<group>";
		};
		2B0069E21ED6847B00E11933 /* SerializationAndDeserialization */ = {
			isa = PBXGroup;
			children = (
				2B0069E61ED6847B00E11933 /* AppDelegate.h */,
				2B0069E71ED6847B00E11933 /* AppDelegate.m */,
				2B0069E91ED6847B00E11933 /* ViewController.h */,
				2B0069EA1ED6847B00E11933 /* ViewController.m */,
				2B0069EC1ED6847B00E11933 /* Main.storyboard */,
				2B0069F21ED6847B00E11933 /* Assets.xcassets */,
				2B0069F41ED6847B00E11933 /* LaunchScreen.storyboard */,
				2B0069F71ED6847B00E11933 /* Info.plist */,
				2B0069EF1ED6847B00E11933 /* SerializationAndDeserialization.xcdatamodeld */,
				2B0069E31ED6847B00E11933 /* Supporting Files */,
				2B006A191ED6857900E11933 /* Person.h */,
				2B006A1A1ED6857900E11933 /* Person.m */,
			);
			path = SerializationAndDeserialization;
			sourceTree = "<group>";
		};
		2B0069E31ED6847B00E11933 /* Supporting Files */ = {
			isa = PBXGroup;
			children = (
				2B0069E41ED6847B00E11933 /* main.m */,
			);
			name = "Supporting Files";
			sourceTree = "<group>";
		};
		2B0069FF1ED6847B00E11933 /* SerializationAndDeserializationTests */ = {
			isa = PBXGroup;
			children = (
				2B006A001ED6847B00E11933 /* SerializationAndDeserializationTests.m */,
				2B006A021ED6847B00E11933 /* Info.plist */,
			);
			path = SerializationAndDeserializationTests;
			sourceTree = "<group>";
		};
		2B006A0A1ED6847B00E11933 /* SerializationAndDeserializationUITests */ = {
			isa = PBXGroup;
			children = (
				2B006A0B1ED6847B00E11933 /* SerializationAndDeserializationUITests.m */,
				2B006A0D1ED6847B00E11933 /* Info.plist */,
			);
			path = SerializationAndDeserializationUITests;
			sourceTree = "<group>";
		};
/* End PBXGroup section */

/* Begin PBXNativeTarget section */
		2B0069DF1ED6847B00E11933 /* SerializationAndDeserialization */ = {
			isa = PBXNativeTarget;
			buildConfigurationList = 2B006A101ED6847B00E11933 /* Build configuration list for PBXNativeTarget "SerializationAndDeserialization" */;
			buildPhases = (
				2B0069DC1ED6847B00E11933 /* Sources */,
				2B0069DD1ED6847B00E11933 /* Frameworks */,
				2B0069DE1ED6847B00E11933 /* Resources */,
			);
			buildRules = (
			);
			dependencies = (
			);
			name = SerializationAndDeserialization;
			productName = SerializationAndDeserialization;
			productReference = 2B0069E01ED6847B00E11933 /* SerializationAndDeserialization.app */;
			productType = "com.apple.product-type.application";
		};
		2B0069FB1ED6847B00E11933 /* SerializationAndDeserializationTests */ = {
			isa = PBXNativeTarget;
			buildConfigurationList = 2B006A131ED6847B00E11933 /* Build configuration list for PBXNativeTarget "SerializationAndDeserializationTests" */;
			buildPhases = (
				2B0069F81ED6847B00E11933 /* Sources */,
				2B0069F91ED6847B00E11933 /* Frameworks */,
				2B0069FA1ED6847B00E11933 /* Resources */,
			);
			buildRules = (
			);
			dependencies = (
				2B0069FE1ED6847B00E11933 /* PBXTargetDependency */,
			);
			name = SerializationAndDeserializationTests;
			productName = SerializationAndDeserializationTests;
			productReference = 2B0069FC1ED6847B00E11933 /* SerializationAndDeserializationTests.xctest */;
			productType = "com.apple.product-type.bundle.unit-test";
		};
		2B006A061ED6847B00E11933 /* SerializationAndDeserializationUITests */ = {
			isa = PBXNativeTarget;
			buildConfigurationList = 2B006A161ED6847B00E11933 /* Build configuration list for PBXNativeTarget "SerializationAndDeserializationUITests" */;
			buildPhases = (
				2B006A031ED6847B00E11933 /* Sources */,
				2B006A041ED6847B00E11933 /* Frameworks */,
				2B006A051ED6847B00E11933 /* Resources */,
			);
			buildRules = (
			);
			dependencies = (
				2B006A091ED6847B00E11933 /* PBXTargetDependency */,
			);
			name = SerializationAndDeserializationUITests;
			productName = SerializationAndDeserializationUITests;
			productReference = 2B006A071ED6847B00E11933 /* SerializationAndDeserializationUITests.xctest */;
			productType = "com.apple.product-type.bundle.ui-testing";
		};
/* End PBXNativeTarget section */

/* Begin PBXProject section */
		2B0069D81ED6847B00E11933 /* Project object */ = {
			isa = PBXProject;
			attributes = {
				LastUpgradeCheck = 0820;
				ORGANIZATIONNAME = wksc;
				TargetAttributes = {
					2B0069DF1ED6847B00E11933 = {
						CreatedOnToolsVersion = 8.2.1;
						DevelopmentTeam = RUHEZP9NQR;
						ProvisioningStyle = Automatic;
					};
					2B0069FB1ED6847B00E11933 = {
						CreatedOnToolsVersion = 8.2.1;
						DevelopmentTeam = RUHEZP9NQR;
						ProvisioningStyle = Automatic;
						TestTargetID = 2B0069DF1ED6847B00E11933;
					};
					2B006A061ED6847B00E11933 = {
						CreatedOnToolsVersion = 8.2.1;
						DevelopmentTeam = RUHEZP9NQR;
						ProvisioningStyle = Automatic;
						TestTargetID = 2B0069DF1ED6847B00E11933;
					};
				};
			};
			buildConfigurationList = 2B0069DB1ED6847B00E11933 /* Build configuration list for PBXProject "SerializationAndDeserialization" */;
			compatibilityVersion = "Xcode 3.2";
			developmentRegion = English;
			hasScannedForEncodings = 0;
			knownRegions = (
				en,
				Base,
			);
			mainGroup = 2B0069D71ED6847B00E11933;
			productRefGroup = 2B0069E11ED6847B00E11933 /* Products */;
			projectDirPath = "";
			projectRoot = "";
			targets = (
				2B0069DF1ED6847B00E11933 /* SerializationAndDeserialization */,
				2B0069FB1ED6847B00E11933 /* SerializationAndDeserializationTests */,
				2B006A061ED6847B00E11933 /* SerializationAndDeserializationUITests */,
			);
		};
/* End PBXProject section */

/* Begin PBXResourcesBuildPhase section */
		2B0069DE1ED6847B00E11933 /* Resources */ = {
			isa = PBXResourcesBuildPhase;
			buildActionMask = 2147483647;
			files = (
				2B0069F61ED6847B00E11933 /* LaunchScreen.storyboard in Resources */,
				2B0069F31ED6847B00E11933 /* Assets.xcassets in Resources */,
				2B0069EE1ED6847B00E11933 /* Main.storyboard in Resources */,
			);
			runOnlyForDeploymentPostprocessing = 0;
		};
		2B0069FA1ED6847B00E11933 /* Resources */ = {
			isa = PBXResourcesBuildPhase;
			buildActionMask = 2147483647;
			files = (
			);
			runOnlyForDeploymentPostprocessing = 0;
		};
		2B006A051ED6847B00E11933 /* Resources */ = {
			isa = PBXResourcesBuildPhase;
			buildActionMask = 2147483647;
			files = (
			);
			runOnlyForDeploymentPostprocessing = 0;
		};
/* End PBXResourcesBuildPhase section */

/* Begin PBXSourcesBuildPhase section */
		2B0069DC1ED6847B00E11933 /* Sources */ = {
			isa = PBXSourcesBuildPhase;
			buildActionMask = 2147483647;
			files = (
				2B0069F11ED6847B00E11933 /* SerializationAndDeserialization.xcdatamodeld in Sources */,
				2B0069EB1ED6847B00E11933 /* ViewController.m in Sources */,
				2B006A1B1ED6857900E11933 /* Person.m in Sources */,
				2B0069E81ED6847B00E11933 /* AppDelegate.m in Sources */,
				2B0069E51ED6847B00E11933 /* main.m in Sources */,
			);
			runOnlyForDeploymentPostprocessing = 0;
		};
		2B0069F81ED6847B00E11933 /* Sources */ = {
			isa = PBXSourcesBuildPhase;
			buildActionMask = 2147483647;
			files = (
				2B006A011ED6847B00E11933 /* SerializationAndDeserializationTests.m in Sources */,
			);
			runOnlyForDeploymentPostprocessing = 0;
		};
		2B006A031ED6847B00E11933 /* Sources */ = {
			isa = PBXSourcesBuildPhase;
			buildActionMask = 2147483647;
			files = (
				2B006A0C1ED6847B00E11933 /* SerializationAndDeserializationUITests.m in Sources */,
			);
			runOnlyForDeploymentPostprocessing = 0;
		};
/* End PBXSourcesBuildPhase section */

/* Begin PBXTargetDependency section */
		2B0069FE1ED6847B00E11933 /* PBXTargetDependency */ = {
			isa = PBXTargetDependency;
			target = 2B0069DF1ED6847B00E11933 /* SerializationAndDeserialization */;
			targetProxy = 2B0069FD1ED6847B00E11933 /* PBXContainerItemProxy */;
		};
		2B006A091ED6847B00E11933 /* PBXTargetDependency */ = {
			isa = PBXTargetDependency;
			target = 2B0069DF1ED6847B00E11933 /* SerializationAndDeserialization */;
			targetProxy = 2B006A081ED6847B00E11933 /* PBXContainerItemProxy */;
		};
/* End PBXTargetDependency section */

/* Begin PBXVariantGroup section */
		2B0069EC1ED6847B00E11933 /* Main.storyboard */ = {
			isa = PBXVariantGroup;
			children = (
				2B0069ED1ED6847B00E11933 /* Base */,
			);
			name = Main.storyboard;
			sourceTree = "<group>";
		};
		2B0069F41ED6847B00E11933 /* LaunchScreen.storyboard */ = {
			isa = PBXVariantGroup;
			children = (
				2B0069F51ED6847B00E11933 /* Base */,
			);
			name = LaunchScreen.storyboard;
			sourceTree = "<group>";
		};
/* End PBXVariantGroup section */

/* Begin XCBuildConfiguration section */
		2B006A0E1ED6847B00E11933 /* Debug */ = {
			isa = XCBuildConfiguration;
			buildSettings = {
				ALWAYS_SEARCH_USER_PATHS = NO;
				CLANG_ANALYZER_NONNULL = YES;
				CLANG_CXX_LANGUAGE_STANDARD = "gnu++0x";
				CLANG_CXX_LIBRARY = "libc++";
				CLANG_ENABLE_MODULES = YES;
				CLANG_ENABLE_OBJC_ARC = YES;
				CLANG_WARN_BOOL_CONVERSION = YES;
				CLANG_WARN_CONSTANT_CONVERSION = YES;
				CLANG_WARN_DIRECT_OBJC_ISA_USAGE = YES_ERROR;
				CLANG_WARN_DOCUMENTATION_COMMENTS = YES;
				CLANG_WARN_EMPTY_BODY = YES;
				CLANG_WARN_ENUM_CONVERSION = YES;
				CLANG_WARN_INFINITE_RECURSION = YES;
				CLANG_WARN_INT_CONVERSION = YES;
				CLANG_WARN_OBJC_ROOT_CLASS = YES_ERROR;
				CLANG_WARN_SUSPICIOUS_MOVE = YES;
				CLANG_WARN_UNREACHABLE_CODE = YES;
				CLANG_WARN__DUPLICATE_METHOD_MATCH = YES;
				"CODE_SIGN_IDENTITY[sdk=iphoneos*]" = "iPhone Developer";
				COPY_PHASE_STRIP = NO;
				DEBUG_INFORMATION_FORMAT = dwarf;
				ENABLE_STRICT_OBJC_MSGSEND = YES;
				ENABLE_TESTABILITY = YES;
				GCC_C_LANGUAGE_STANDARD = gnu99;
				GCC_DYNAMIC_NO_PIC = NO;
				GCC_NO_COMMON_BLOCKS = YES;
				GCC_OPTIMIZATION_LEVEL = 0;
				GCC_PREPROCESSOR_DEFINITIONS = (
					"DEBUG=1",
					"$(inherited)",
				);
				GCC_WARN_64_TO_32_BIT_CONVERSION = YES;
				GCC_WARN_ABOUT_RETURN_TYPE = YES_ERROR;
				GCC_WARN_UNDECLARED_SELECTOR = YES;
				GCC_WARN_UNINITIALIZED_AUTOS = YES_AGGRESSIVE;
				GCC_WARN_UNUSED_FUNCTION = YES;
				GCC_WARN_UNUSED_VARIABLE = YES;
				IPHONEOS_DEPLOYMENT_TARGET = 10.2;
				MTL_ENABLE_DEBUG_INFO = YES;
				ONLY_ACTIVE_ARCH = YES;
				SDKROOT = iphoneos;
			};
			name = Debug;
		};
		2B006A0F1ED6847B00E11933 /* Release */ = {
			isa = XCBuildConfiguration;
			buildSettings = {
				ALWAYS_SEARCH_USER_PATHS = NO;
				CLANG_ANALYZER_NONNULL = YES;
				CLANG_CXX_LANGUAGE_STANDARD = "gnu++0x";
				CLANG_CXX_LIBRARY = "libc++";
				CLANG_ENABLE_MODULES = YES;
				CLANG_ENABLE_OBJC_ARC = YES;
				CLANG_WARN_BOOL_CONVERSION = YES;
				CLANG_WARN_CONSTANT_CONVERSION = YES;
				CLANG_WARN_DIRECT_OBJC_ISA_USAGE = YES_ERROR;
				CLANG_WARN_DOCUMENTATION_COMMENTS = YES;
				CLANG_WARN_EMPTY_BODY = YES;
				CLANG_WARN_ENUM_CONVERSION = YES;
				CLANG_WARN_INFINITE_RECURSION = YES;
				CLANG_WARN_INT_CONVERSION = YES;
				CLANG_WARN_OBJC_ROOT_CLASS = YES_ERROR;
				CLANG_WARN_SUSPICIOUS_MOVE = YES;
				CLANG_WARN_UNREACHABLE_CODE = YES;
				CLANG_WARN__DUPLICATE_METHOD_MATCH = YES;
				"CODE_SIGN_IDENTITY[sdk=iphoneos*]" = "iPhone Developer";
				COPY_PHASE_STRIP = NO;
				DEBUG_INFORMATION_FORMAT = "dwarf-with-dsym";
				ENABLE_NS_ASSERTIONS = NO;
				ENABLE_STRICT_OBJC_MSGSEND = YES;
				GCC_C_LANGUAGE_STANDARD = gnu99;
				GCC_NO_COMMON_BLOCKS = YES;
				GCC_WARN_64_TO_32_BIT_CONVERSION = YES;
				GCC_WARN_ABOUT_RETURN_TYPE = YES_ERROR;
				GCC_WARN_UNDECLARED_SELECTOR = YES;
				GCC_WARN_UNINITIALIZED_AUTOS = YES_AGGRESSIVE;
				GCC_WARN_UNUSED_FUNCTION = YES;
				GCC_WARN_UNUSED_VARIABLE = YES;
				IPHONEOS_DEPLOYMENT_TARGET = 10.2;
				MTL_ENABLE_DEBUG_INFO = NO;
				SDKROOT = iphoneos;
				VALIDATE_PRODUCT = YES;
			};
			name = Release;
		};
		2B006A111ED6847B00E11933 /* Debug */ = {
			isa = XCBuildConfiguration;
			buildSettings = {
				ASSETCATALOG_COMPILER_APPICON_NAME = AppIcon;
				DEVELOPMENT_TEAM = RUHEZP9NQR;
				INFOPLIST_FILE = SerializationAndDeserialization/Info.plist;
				LD_RUNPATH_SEARCH_PATHS = "$(inherited) @executable_path/Frameworks";
				PRODUCT_BUNDLE_IDENTIFIER = com.eastedu.SerializationAndDeserialization;
				PRODUCT_NAME = "$(TARGET_NAME)";
			};
			name = Debug;
		};
		2B006A121ED6847B00E11933 /* Release */ = {
			isa = XCBuildConfiguration;
			buildSettings = {
				ASSETCATALOG_COMPILER_APPICON_NAME = AppIcon;
				DEVELOPMENT_TEAM = RUHEZP9NQR;
				INFOPLIST_FILE = SerializationAndDeserialization/Info.plist;
				LD_RUNPATH_SEARCH_PATHS = "$(inherited) @executable_path/Frameworks";
				PRODUCT_BUNDLE_IDENTIFIER = com.eastedu.SerializationAndDeserialization;
				PRODUCT_NAME = "$(TARGET_NAME)";
			};
			name = Release;
		};
		2B006A141ED6847B00E11933 /* Debug */ = {
			isa = XCBuildConfiguration;
			buildSettings = {
				BUNDLE_LOADER = "$(TEST_HOST)";
				DEVELOPMENT_TEAM = RUHEZP9NQR;
				INFOPLIST_FILE = SerializationAndDeserializationTests/Info.plist;
				LD_RUNPATH_SEARCH_PATHS = "$(inherited) @executable_path/Frameworks @loader_path/Frameworks";
				PRODUCT_BUNDLE_IDENTIFIER = com.eastedu.SerializationAndDeserializationTests;
				PRODUCT_NAME = "$(TARGET_NAME)";
				TEST_HOST = "$(BUILT_PRODUCTS_DIR)/SerializationAndDeserialization.app/SerializationAndDeserialization";
			};
			name = Debug;
		};
		2B006A151ED6847B00E11933 /* Release */ = {
			isa = XCBuildConfiguration;
			buildSettings = {
				BUNDLE_LOADER = "$(TEST_HOST)";
				DEVELOPMENT_TEAM = RUHEZP9NQR;
				INFOPLIST_FILE = SerializationAndDeserializationTests/Info.plist;
				LD_RUNPATH_SEARCH_PATHS = "$(inherited) @executable_path/Frameworks @loader_path/Frameworks";
				PRODUCT_BUNDLE_IDENTIFIER = com.eastedu.SerializationAndDeserializationTests;
				PRODUCT_NAME = "$(TARGET_NAME)";
				TEST_HOST = "$(BUILT_PRODUCTS_DIR)/SerializationAndDeserialization.app/SerializationAndDeserialization";
			};
			name = Release;
		};
		2B006A171ED6847B00E11933 /* Debug */ = {
			isa = XCBuildConfiguration;
			buildSettings = {
				DEVELOPMENT_TEAM = RUHEZP9NQR;
				INFOPLIST_FILE = SerializationAndDeserializationUITests/Info.plist;
				LD_RUNPATH_SEARCH_PATHS = "$(inherited) @executable_path/Frameworks @loader_path/Frameworks";
				PRODUCT_BUNDLE_IDENTIFIER = com.eastedu.SerializationAndDeserializationUITests;
				PRODUCT_NAME = "$(TARGET_NAME)";
				TEST_TARGET_NAME = SerializationAndDeserialization;
			};
			name = Debug;
		};
		2B006A181ED6847B00E11933 /* Release */ = {
			isa = XCBuildConfiguration;
			buildSettings = {
				DEVELOPMENT_TEAM = RUHEZP9NQR;
				INFOPLIST_FILE = SerializationAndDeserializationUITests/Info.plist;
				LD_RUNPATH_SEARCH_PATHS = "$(inherited) @executable_path/Frameworks @loader_path/Frameworks";
				PRODUCT_BUNDLE_IDENTIFIER = com.eastedu.SerializationAndDeserializationUITests;
				PRODUCT_NAME = "$(TARGET_NAME)";
				TEST_TARGET_NAME = SerializationAndDeserialization;
			};
			name = Release;
		};
/* End XCBuildConfiguration section */

/* Begin XCConfigurationList section */
		2B0069DB1ED6847B00E11933 /* Build configuration list for PBXProject "SerializationAndDeserialization" */ = {
			isa = XCConfigurationList;
			buildConfigurations = (
				2B006A0E1ED6847B00E11933 /* Debug */,
				2B006A0F1ED6847B00E11933 /* Release */,
			);
			defaultConfigurationIsVisible = 0;
			defaultConfigurationName = Release;
		};
		2B006A101ED6847B00E11933 /* Build configuration list for PBXNativeTarget "SerializationAndDeserialization" */ = {
			isa = XCConfigurationList;
			buildConfigurations = (
				2B006A111ED6847B00E11933 /* Debug */,
				2B006A121ED6847B00E11933 /* Release */,
			);
			defaultConfigurationIsVisible = 0;
		};
		2B006A131ED6847B00E11933 /* Build configuration list for PBXNativeTarget "SerializationAndDeserializationTests" */ = {
			isa = XCConfigurationList;
			buildConfigurations = (
				2B006A141ED6847B00E11933 /* Debug */,
				2B006A151ED6847B00E11933 /* Release */,
			);
			defaultConfigurationIsVisible = 0;
		};
		2B006A161ED6847B00E11933 /* Build configuration list for PBXNativeTarget "SerializationAndDeserializationUITests" */ = {
			isa = XCConfigurationList;
			buildConfigurations = (
				2B006A171ED6847B00E11933 /* Debug */,
				2B006A181ED6847B00E11933 /* Release */,
			);
			defaultConfigurationIsVisible = 0;
		};
/* End XCConfigurationList section */

/* Begin XCVersionGroup section */
		2B0069EF1ED6847B00E11933 /* SerializationAndDeserialization.xcdatamodeld */ = {
			isa = XCVersionGroup;
			children = (
				2B0069F01ED6847B00E11933 /* SerializationAndDeserialization.xcdatamodel */,
			);
			currentVersion = 2B0069F01ED6847B00E11933 /* SerializationAndDeserialization.xcdatamodel */;
			path = SerializationAndDeserialization.xcdatamodeld;
			sourceTree = "<group>";
			versionGroupType = wrapper.xcdatamodel;
		};
/* End XCVersionGroup section */
	};
	rootObject = 2B0069D81ED6847B00E11933 /* Project object */;
}
